
Microsoft Visual Studio Solution File, Format Version 12.00
# Visual Studio 15
VisualStudioVersion = 15.0.28307.271
MinimumVisualStudioVersion = 10.0.40219.1
Project("{888888A0-9F3D-457C-B088-3A5042F75D52}") = "鸢尾花分类", "曳尾花分类\鸢尾花分类.pyproj", "{0FBEAEB0-EF25-4A88-BDBD-F5D7873236B1}"
EndProject
Global
	GlobalSection(SolutionConfigurationPlatforms) = preSolution
		Debug|Any CPU = Debug|Any CPU
		Release|Any CPU = Release|Any CPU
	EndGlobalSection
	GlobalSection(ProjectConfigurationPlatforms) = postSolution
		{0FBEAEB0-EF25-4A88-BDBD-F5D7873236B1}.Debug|Any CPU.ActiveCfg = Debug|Any CPU
		{0FBEAEB0-EF25-4A88-BDBD-F5D7873236B1}.Release|Any CPU.ActiveCfg = Release|Any CPU
	EndGlobalSection
	GlobalSection(SolutionProperties) = preSolution
		HideSolutionNode = FALSE
	EndGlobalSection
	GlobalSection(ExtensibilityGlobals) = postSolution
		SolutionGuid = {299F6FBD-DE8F-4A85-A942-5402CCC1F887}
	EndGlobalSection
EndGlobal
